
Microsoft Visual Studio Solution File, Format Version 11.00
# Visual Studio 2010
Project("{FAE04EC0-301F-11D3-BF4B-00C04F79EFBC}") = "Microsoft.MixedReality.Toolkit.SDK", "Microsoft.MixedReality.Toolkit.SDK.csproj", "{789AF1A0-2DD2-EB4C-4524-38F485271814}"
EndProject
Project("{FAE04EC0-301F-11D3-BF4B-00C04F79EFBC}") = "Microsoft.MixedReality.Toolkit.Providers.OpenVR", "Microsoft.MixedReality.Toolkit.Providers.OpenVR.csproj", "{82C8840D-EB55-9EF6-B51A-EB746F407B91}"
EndProject
Project("{FAE04EC0-301F-11D3-BF4B-00C04F79EFBC}") = "Microsoft.MixedReality.Toolkit", "Microsoft.MixedReality.Toolkit.csproj", "{3F2372C6-9293-8DB4-6BA9-D42E60B500D5}"
EndProject
Project("{FAE04EC0-301F-11D3-BF4B-00C04F79EFBC}") = "PhotonUnityNetworking.Utilities", "PhotonUnityNetworking.Utilities.csproj", "{9BCA15D9-A269-B3D7-0118-952D264BDCED}"
EndProject
Project("{FAE04EC0-301F-11D3-BF4B-00C04F79EFBC}") = "Microsoft.MixedReality.Toolkit.Services.SpatialAwarenessSystem", "Microsoft.MixedReality.Toolkit.Services.SpatialAwarenessSystem.csproj", "{0C488F41-B005-A74E-7B13-2507C9C10E15}"
EndProject
Project("{FAE04EC0-301F-11D3-BF4B-00C04F79EFBC}") = "VuforiaScripts", "VuforiaScripts.csproj", "{C8DBAAC4-8E54-60D1-C052-489CE83F6FBE}"
EndProject
Project("{FAE04EC0-301F-11D3-BF4B-00C04F79EFBC}") = "PhotonChat", "PhotonChat.csproj", "{B80368E0-B478-30D5-357C-9BEF81C253EA}"
EndProject
Project("{FAE04EC0-301F-11D3-BF4B-00C04F79EFBC}") = "Microsoft.MixedReality.Toolkit.Gltf", "Microsoft.MixedReality.Toolkit.Gltf.csproj", "{CBEE39D4-AE0C-DA72-3BD0-7829F4D0CFB0}"
EndProject
Project("{FAE04EC0-301F-11D3-BF4B-00C04F79EFBC}") = "Microsoft.MixedReality.Toolkit.Services.SceneSystem", "Microsoft.MixedReality.Toolkit.Services.SceneSystem.csproj", "{E3CFE587-83A2-25AA-8970-C4F3BEFDDBCE}"
EndProject
Project("{FAE04EC0-301F-11D3-BF4B-00C04F79EFBC}") = "Microsoft.MixedReality.Toolkit.Services.InputSystem", "Microsoft.MixedReality.Toolkit.Services.InputSystem.csproj", "{D0ABD3C3-2ECB-A14C-6358-65EC75E941D8}"
EndProject
Project("{FAE04EC0-301F-11D3-BF4B-00C04F79EFBC}") = "PhotonUnityNetworking", "PhotonUnityNetworking.csproj", "{E8330A45-883F-AAC3-1EBB-71332BBCA1B7}"
EndProject
Project("{FAE04EC0-301F-11D3-BF4B-00C04F79EFBC}") = "PhotonRealtime", "PhotonRealtime.csproj", "{5F9FEA39-FA4B-CB35-B53C-5B19F337DB35}"
EndProject
Project("{FAE04EC0-301F-11D3-BF4B-00C04F79EFBC}") = "Assembly-CSharp", "Assembly-CSharp.csproj", "{F1290376-BB9C-0724-16EE-02557FCF4007}"
EndProject
Project("{FAE04EC0-301F-11D3-BF4B-00C04F79EFBC}") = "Microsoft.MixedReality.Toolkit.Services.InputSimulation", "Microsoft.MixedReality.Toolkit.Services.InputSimulation.csproj", "{18D80681-1139-D40D-4F45-B11B179DE66E}"
EndProject
Project("{FAE04EC0-301F-11D3-BF4B-00C04F79EFBC}") = "Microsoft.MixedReality.Toolkit.Providers.UnityAR", "Microsoft.MixedReality.Toolkit.Providers.UnityAR.csproj", "{EC4549D7-CA38-DB0A-C733-FB9FFB93B418}"
EndProject
Project("{FAE04EC0-301F-11D3-BF4B-00C04F79EFBC}") = "Microsoft.MixedReality.Toolkit.Services.InputAnimation", "Microsoft.MixedReality.Toolkit.Services.InputAnimation.csproj", "{FA313863-7E0F-3E4F-8AF4-869CAA74C2BF}"
EndProject
Project("{FAE04EC0-301F-11D3-BF4B-00C04F79EFBC}") = "Microsoft.MixedReality.Toolkit.Providers.WindowsVoiceInput", "Microsoft.MixedReality.Toolkit.Providers.WindowsVoiceInput.csproj", "{E6F386D9-E4FC-EEE0-3137-BE7AF117B20D}"
EndProject
Project("{FAE04EC0-301F-11D3-BF4B-00C04F79EFBC}") = "Microsoft.MixedReality.Toolkit.Services.DiagnosticsSystem", "Microsoft.MixedReality.Toolkit.Services.DiagnosticsSystem.csproj", "{FF13F973-E235-6D9F-A3C0-E36288D35850}"
EndProject
Project("{FAE04EC0-301F-11D3-BF4B-00C04F79EFBC}") = "Microsoft.MixedReality.Toolkit.Async", "Microsoft.MixedReality.Toolkit.Async.csproj", "{60F5159E-AAF6-759B-095C-29A53C810539}"
EndProject
Project("{FAE04EC0-301F-11D3-BF4B-00C04F79EFBC}") = "Microsoft.MixedReality.Toolkit.Providers.WindowsMixedReality", "Microsoft.MixedReality.Toolkit.Providers.WindowsMixedReality.csproj", "{B9FA36C7-4907-E65E-9511-57AD7A1D0970}"
EndProject
Project("{FAE04EC0-301F-11D3-BF4B-00C04F79EFBC}") = "Microsoft.MixedReality.Toolkit.Providers.WindowsMixedReality.Shared", "Microsoft.MixedReality.Toolkit.Providers.WindowsMixedReality.Shared.csproj", "{B1F2AE00-DF1A-393F-9FCA-6FF21C163930}"
EndProject
Project("{FAE04EC0-301F-11D3-BF4B-00C04F79EFBC}") = "Microsoft.MixedReality.Toolkit.Services.TeleportSystem", "Microsoft.MixedReality.Toolkit.Services.TeleportSystem.csproj", "{B2544DE1-6D72-2DC5-49D1-4915941BE477}"
EndProject
Project("{FAE04EC0-301F-11D3-BF4B-00C04F79EFBC}") = "Microsoft.MixedReality.Toolkit.Services.CameraSystem", "Microsoft.MixedReality.Toolkit.Services.CameraSystem.csproj", "{95E41F37-64DC-C165-0BA5-524E0BAA5884}"
EndProject
Project("{FAE04EC0-301F-11D3-BF4B-00C04F79EFBC}") = "PhotonWebSocket", "PhotonWebSocket.csproj", "{AE149F10-6BF4-80BD-9C41-FC476214D394}"
EndProject
Project("{FAE04EC0-301F-11D3-BF4B-00C04F79EFBC}") = "Microsoft.MixedReality.Toolkit.Services.BoundarySystem", "Microsoft.MixedReality.Toolkit.Services.BoundarySystem.csproj", "{A6420E2A-3371-4B74-BC35-2FF3886787C3}"
EndProject
Project("{FAE04EC0-301F-11D3-BF4B-00C04F79EFBC}") = "Microsoft.MixedReality.Toolkit.SDK.Inspectors", "Microsoft.MixedReality.Toolkit.SDK.Inspectors.csproj", "{D757A79F-25F6-1BC7-F3CD-CB4B2304848C}"
EndProject
Project("{FAE04EC0-301F-11D3-BF4B-00C04F79EFBC}") = "Microsoft.MixedReality.Toolkit.Editor.Inspectors", "Microsoft.MixedReality.Toolkit.Editor.Inspectors.csproj", "{877E63C4-02D1-1D5B-4B36-219796AD5E35}"
EndProject
Project("{FAE04EC0-301F-11D3-BF4B-00C04F79EFBC}") = "Microsoft.MixedReality.Toolkit.Editor.ServiceInspectors", "Microsoft.MixedReality.Toolkit.Editor.ServiceInspectors.csproj", "{F8649229-BF21-BF61-1619-1935ED80CE9D}"
EndProject
Project("{FAE04EC0-301F-11D3-BF4B-00C04F79EFBC}") = "Microsoft.MixedReality.Toolkit.SDK.Experimental.Inspectors", "Microsoft.MixedReality.Toolkit.SDK.Experimental.Inspectors.csproj", "{BD87A63D-4368-6E15-CD41-03641400B7DA}"
EndProject
Project("{FAE04EC0-301F-11D3-BF4B-00C04F79EFBC}") = "Microsoft.MixedReality.Toolkit.Providers.XRSDK.WindowsMixedReality.Editor", "Microsoft.MixedReality.Toolkit.Providers.XRSDK.WindowsMixedReality.Editor.csproj", "{405E648E-F993-F0A0-B93C-ADAE2AC0CFFE}"
EndProject
Project("{FAE04EC0-301F-11D3-BF4B-00C04F79EFBC}") = "Microsoft.MixedReality.Toolkit.Editor.Utilities", "Microsoft.MixedReality.Toolkit.Editor.Utilities.csproj", "{0C42B747-8039-B37C-C5F5-930C18714D29}"
EndProject
Project("{FAE04EC0-301F-11D3-BF4B-00C04F79EFBC}") = "Microsoft.MixedReality.Toolkit.Providers.ObjectMeshObserver", "Microsoft.MixedReality.Toolkit.Providers.ObjectMeshObserver.csproj", "{290CBF96-AE7D-7F15-95E1-2AAA2C1501DA}"
EndProject
Project("{FAE04EC0-301F-11D3-BF4B-00C04F79EFBC}") = "PhotonUnityNetworking.Editor", "PhotonUnityNetworking.Editor.csproj", "{D9092AE2-D39C-A1DD-3AED-9A62D6DE6D09}"
EndProject
Project("{FAE04EC0-301F-11D3-BF4B-00C04F79EFBC}") = "Microsoft.MixedReality.Toolkit.Editor.ClassExtensions", "Microsoft.MixedReality.Toolkit.Editor.ClassExtensions.csproj", "{9DD436FC-B2D1-D35C-9975-0BD038056FC7}"
EndProject
Project("{FAE04EC0-301F-11D3-BF4B-00C04F79EFBC}") = "Microsoft.MixedReality.Toolkit.Gltf.Importers", "Microsoft.MixedReality.Toolkit.Gltf.Importers.csproj", "{496AD7C0-5E2F-1DCB-3BF5-45470F5B53E5}"
EndProject
Project("{FAE04EC0-301F-11D3-BF4B-00C04F79EFBC}") = "Microsoft.MixedReality.Toolkit.Providers.WindowsMixedReality.ConfigCheck", "Microsoft.MixedReality.Toolkit.Providers.WindowsMixedReality.ConfigCheck.csproj", "{CDF5C109-684A-E3C6-D048-E98A9F139E33}"
EndProject
Project("{FAE04EC0-301F-11D3-BF4B-00C04F79EFBC}") = "Microsoft.MixedReality.Toolkit.Services.InputSimulation.Editor", "Microsoft.MixedReality.Toolkit.Services.InputSimulation.Editor.csproj", "{F89B1313-DDA4-3827-4D5C-D98BA76C792C}"
EndProject
Project("{FAE04EC0-301F-11D3-BF4B-00C04F79EFBC}") = "Microsoft.MixedReality.Toolkit.Editor.BuildAndDeploy", "Microsoft.MixedReality.Toolkit.Editor.BuildAndDeploy.csproj", "{0904C62A-D9C8-0BD6-E0AA-CB994E49A9A3}"
EndProject
Project("{FAE04EC0-301F-11D3-BF4B-00C04F79EFBC}") = "PhotonUnityNetworking.Utilities.PhotonPlayer.Editor", "PhotonUnityNetworking.Utilities.PhotonPlayer.Editor.csproj", "{611EE053-540A-00CB-C652-703FEFA9A805}"
EndProject
Project("{FAE04EC0-301F-11D3-BF4B-00C04F79EFBC}") = "Microsoft.MixedReality.Toolkit.Providers.UnityAR.ConfigCheck", "Microsoft.MixedReality.Toolkit.Providers.UnityAR.ConfigCheck.csproj", "{633F272E-D436-CC13-7A19-21752C8B3C32}"
EndProject
Project("{FAE04EC0-301F-11D3-BF4B-00C04F79EFBC}") = "Microsoft.MixedReality.Toolkit.Providers.XRSDK.ConfigCheck", "Microsoft.MixedReality.Toolkit.Providers.XRSDK.ConfigCheck.csproj", "{3D6ED508-3C2B-06C1-0941-3C8D54420BF3}"
EndProject
Project("{FAE04EC0-301F-11D3-BF4B-00C04F79EFBC}") = "Microsoft.MixedReality.Toolkit.Providers.UnityAR.Editor", "Microsoft.MixedReality.Toolkit.Providers.UnityAR.Editor.csproj", "{8E406745-4921-CA6B-5BFC-6F416895C40A}"
EndProject
Project("{FAE04EC0-301F-11D3-BF4B-00C04F79EFBC}") = "PhotonUnityNetworking.Utilities.Culling.Editor", "PhotonUnityNetworking.Utilities.Culling.Editor.csproj", "{4B31064D-6A5F-DFE4-0F42-FD9131203BF9}"
EndProject
Project("{FAE04EC0-301F-11D3-BF4B-00C04F79EFBC}") = "VuforiaEditorScripts", "VuforiaEditorScripts.csproj", "{BFB89BD8-6859-B95D-A882-85CF0C3F503A}"
EndProject
Project("{FAE04EC0-301F-11D3-BF4B-00C04F79EFBC}") = "Microsoft.MixedReality.Toolkit.Providers.WindowsMixedReality.Editor", "Microsoft.MixedReality.Toolkit.Providers.WindowsMixedReality.Editor.csproj", "{28EDBB20-94AC-2CA9-F9E3-ED5901C8ED7B}"
EndProject
Project("{FAE04EC0-301F-11D3-BF4B-00C04F79EFBC}") = "Microsoft.MixedReality.Toolkit.Services.InputSystem.Editor", "Microsoft.MixedReality.Toolkit.Services.InputSystem.Editor.csproj", "{E167D1AC-0636-3854-4D82-E9960D78030A}"
EndProject
Global
	GlobalSection(SolutionConfigurationPlatforms) = preSolution
		Debug|Any CPU = Debug|Any CPU
		Release|Any CPU = Release|Any CPU
	EndGlobalSection
	GlobalSection(ProjectConfigurationPlatforms) = postSolution
		{789AF1A0-2DD2-EB4C-4524-38F485271814}.Debug|Any CPU.ActiveCfg = Debug|Any CPU
		{789AF1A0-2DD2-EB4C-4524-38F485271814}.Debug|Any CPU.Build.0 = Debug|Any CPU
		{789AF1A0-2DD2-EB4C-4524-38F485271814}.Release|Any CPU.ActiveCfg = Release|Any CPU
		{789AF1A0-2DD2-EB4C-4524-38F485271814}.Release|Any CPU.Build.0 = Release|Any CPU
		{82C8840D-EB55-9EF6-B51A-EB746F407B91}.Debug|Any CPU.ActiveCfg = Debug|Any CPU
		{82C8840D-EB55-9EF6-B51A-EB746F407B91}.Debug|Any CPU.Build.0 = Debug|Any CPU
		{82C8840D-EB55-9EF6-B51A-EB746F407B91}.Release|Any CPU.ActiveCfg = Release|Any CPU
		{82C8840D-EB55-9EF6-B51A-EB746F407B91}.Release|Any CPU.Build.0 = Release|Any CPU
		{3F2372C6-9293-8DB4-6BA9-D42E60B500D5}.Debug|Any CPU.ActiveCfg = Debug|Any CPU
		{3F2372C6-9293-8DB4-6BA9-D42E60B500D5}.Debug|Any CPU.Build.0 = Debug|Any CPU
		{3F2372C6-9293-8DB4-6BA9-D42E60B500D5}.Release|Any CPU.ActiveCfg = Release|Any CPU
		{3F2372C6-9293-8DB4-6BA9-D42E60B500D5}.Release|Any CPU.Build.0 = Release|Any CPU
		{9BCA15D9-A269-B3D7-0118-952D264BDCED}.Debug|Any CPU.ActiveCfg = Debug|Any CPU
		{9BCA15D9-A269-B3D7-0118-952D264BDCED}.Debug|Any CPU.Build.0 = Debug|Any CPU
		{9BCA15D9-A269-B3D7-0118-952D264BDCED}.Release|Any CPU.ActiveCfg = Release|Any CPU
		{9BCA15D9-A269-B3D7-0118-952D264BDCED}.Release|Any CPU.Build.0 = Release|Any CPU
		{0C488F41-B005-A74E-7B13-2507C9C10E15}.Debug|Any CPU.ActiveCfg = Debug|Any CPU
		{0C488F41-B005-A74E-7B13-2507C9C10E15}.Debug|Any CPU.Build.0 = Debug|Any CPU
		{0C488F41-B005-A74E-7B13-2507C9C10E15}.Release|Any CPU.ActiveCfg = Release|Any CPU
		{0C488F41-B005-A74E-7B13-2507C9C10E15}.Release|Any CPU.Build.0 = Release|Any CPU
		{C8DBAAC4-8E54-60D1-C052-489CE83F6FBE}.Debug|Any CPU.ActiveCfg = Debug|Any CPU
		{C8DBAAC4-8E54-60D1-C052-489CE83F6FBE}.Debug|Any CPU.Build.0 = Debug|Any CPU
		{C8DBAAC4-8E54-60D1-C052-489CE83F6FBE}.Release|Any CPU.ActiveCfg = Release|Any CPU
		{C8DBAAC4-8E54-60D1-C052-489CE83F6FBE}.Release|Any CPU.Build.0 = Release|Any CPU
		{B80368E0-B478-30D5-357C-9BEF81C253EA}.Debug|Any CPU.ActiveCfg = Debug|Any CPU
		{B80368E0-B478-30D5-357C-9BEF81C253EA}.Debug|Any CPU.Build.0 = Debug|Any CPU
		{B80368E0-B478-30D5-357C-9BEF81C253EA}.Release|Any CPU.ActiveCfg = Release|Any CPU
		{B80368E0-B478-30D5-357C-9BEF81C253EA}.Release|Any CPU.Build.0 = Release|Any CPU
		{CBEE39D4-AE0C-DA72-3BD0-7829F4D0CFB0}.Debug|Any CPU.ActiveCfg = Debug|Any CPU
		{CBEE39D4-AE0C-DA72-3BD0-7829F4D0CFB0}.Debug|Any CPU.Build.0 = Debug|Any CPU
		{CBEE39D4-AE0C-DA72-3BD0-7829F4D0CFB0}.Release|Any CPU.ActiveCfg = Release|Any CPU
		{CBEE39D4-AE0C-DA72-3BD0-7829F4D0CFB0}.Release|Any CPU.Build.0 = Release|Any CPU
		{E3CFE587-83A2-25AA-8970-C4F3BEFDDBCE}.Debug|Any CPU.ActiveCfg = Debug|Any CPU
		{E3CFE587-83A2-25AA-8970-C4F3BEFDDBCE}.Debug|Any CPU.Build.0 = Debug|Any CPU
		{E3CFE587-83A2-25AA-8970-C4F3BEFDDBCE}.Release|Any CPU.ActiveCfg = Release|Any CPU
		{E3CFE587-83A2-25AA-8970-C4F3BEFDDBCE}.Release|Any CPU.Build.0 = Release|Any CPU
		{D0ABD3C3-2ECB-A14C-6358-65EC75E941D8}.Debug|Any CPU.ActiveCfg = Debug|Any CPU
		{D0ABD3C3-2ECB-A14C-6358-65EC75E941D8}.Debug|Any CPU.Build.0 = Debug|Any CPU
		{D0ABD3C3-2ECB-A14C-6358-65EC75E941D8}.Release|Any CPU.ActiveCfg = Release|Any CPU
		{D0ABD3C3-2ECB-A14C-6358-65EC75E941D8}.Release|Any CPU.Build.0 = Release|Any CPU
		{E8330A45-883F-AAC3-1EBB-71332BBCA1B7}.Debug|Any CPU.ActiveCfg = Debug|Any CPU
		{E8330A45-883F-AAC3-1EBB-71332BBCA1B7}.Debug|Any CPU.Build.0 = Debug|Any CPU
		{E8330A45-883F-AAC3-1EBB-71332BBCA1B7}.Release|Any CPU.ActiveCfg = Release|Any CPU
		{E8330A45-883F-AAC3-1EBB-71332BBCA1B7}.Release|Any CPU.Build.0 = Release|Any CPU
		{5F9FEA39-FA4B-CB35-B53C-5B19F337DB35}.Debug|Any CPU.ActiveCfg = Debug|Any CPU
		{5F9FEA39-FA4B-CB35-B53C-5B19F337DB35}.Debug|Any CPU.Build.0 = Debug|Any CPU
		{5F9FEA39-FA4B-CB35-B53C-5B19F337DB35}.Release|Any CPU.ActiveCfg = Release|Any CPU
		{5F9FEA39-FA4B-CB35-B53C-5B19F337DB35}.Release|Any CPU.Build.0 = Release|Any CPU
		{F1290376-BB9C-0724-16EE-02557FCF4007}.Debug|Any CPU.ActiveCfg = Debug|Any CPU
		{F1290376-BB9C-0724-16EE-02557FCF4007}.Debug|Any CPU.Build.0 = Debug|Any CPU
		{F1290376-BB9C-0724-16EE-02557FCF4007}.Release|Any CPU.ActiveCfg = Release|Any CPU
		{F1290376-BB9C-0724-16EE-02557FCF4007}.Release|Any CPU.Build.0 = Release|Any CPU
		{18D80681-1139-D40D-4F45-B11B179DE66E}.Debug|Any CPU.ActiveCfg = Debug|Any CPU
		{18D80681-1139-D40D-4F45-B11B179DE66E}.Debug|Any CPU.Build.0 = Debug|Any CPU
		{18D80681-1139-D40D-4F45-B11B179DE66E}.Release|Any CPU.ActiveCfg = Release|Any CPU
		{18D80681-1139-D40D-4F45-B11B179DE66E}.Release|Any CPU.Build.0 = Release|Any CPU
		{EC4549D7-CA38-DB0A-C733-FB9FFB93B418}.Debug|Any CPU.ActiveCfg = Debug|Any CPU
		{EC4549D7-CA38-DB0A-C733-FB9FFB93B418}.Debug|Any CPU.Build.0 = Debug|Any CPU
		{EC4549D7-CA38-DB0A-C733-FB9FFB93B418}.Release|Any CPU.ActiveCfg = Release|Any CPU
		{EC4549D7-CA38-DB0A-C733-FB9FFB93B418}.Release|Any CPU.Build.0 = Release|Any CPU
		{FA313863-7E0F-3E4F-8AF4-869CAA74C2BF}.Debug|Any CPU.ActiveCfg = Debug|Any CPU
		{FA313863-7E0F-3E4F-8AF4-869CAA74C2BF}.Debug|Any CPU.Build.0 = Debug|Any CPU
		{FA313863-7E0F-3E4F-8AF4-869CAA74C2BF}.Release|Any CPU.ActiveCfg = Release|Any CPU
		{FA313863-7E0F-3E4F-8AF4-869CAA74C2BF}.Release|Any CPU.Build.0 = Release|Any CPU
		{E6F386D9-E4FC-EEE0-3137-BE7AF117B20D}.Debug|Any CPU.ActiveCfg = Debug|Any CPU
		{E6F386D9-E4FC-EEE0-3137-BE7AF117B20D}.Debug|Any CPU.Build.0 = Debug|Any CPU
		{E6F386D9-E4FC-EEE0-3137-BE7AF117B20D}.Release|Any CPU.ActiveCfg = Release|Any CPU
		{E6F386D9-E4FC-EEE0-3137-BE7AF117B20D}.Release|Any CPU.Build.0 = Release|Any CPU
		{FF13F973-E235-6D9F-A3C0-E36288D35850}.Debug|Any CPU.ActiveCfg = Debug|Any CPU
		{FF13F973-E235-6D9F-A3C0-E36288D35850}.Debug|Any CPU.Build.0 = Debug|Any CPU
		{FF13F973-E235-6D9F-A3C0-E36288D35850}.Release|Any CPU.ActiveCfg = Release|Any CPU
		{FF13F973-E235-6D9F-A3C0-E36288D35850}.Release|Any CPU.Build.0 = Release|Any CPU
		{60F5159E-AAF6-759B-095C-29A53C810539}.Debug|Any CPU.ActiveCfg = Debug|Any CPU
		{60F5159E-AAF6-759B-095C-29A53C810539}.Debug|Any CPU.Build.0 = Debug|Any CPU
		{60F5159E-AAF6-759B-095C-29A53C810539}.Release|Any CPU.ActiveCfg = Release|Any CPU
		{60F5159E-AAF6-759B-095C-29A53C810539}.Release|Any CPU.Build.0 = Release|Any CPU
		{B9FA36C7-4907-E65E-9511-57AD7A1D0970}.Debug|Any CPU.ActiveCfg = Debug|Any CPU
		{B9FA36C7-4907-E65E-9511-57AD7A1D0970}.Debug|Any CPU.Build.0 = Debug|Any CPU
		{B9FA36C7-4907-E65E-9511-57AD7A1D0970}.Release|Any CPU.ActiveCfg = Release|Any CPU
		{B9FA36C7-4907-E65E-9511-57AD7A1D0970}.Release|Any CPU.Build.0 = Release|Any CPU
		{B1F2AE00-DF1A-393F-9FCA-6FF21C163930}.Debug|Any CPU.ActiveCfg = Debug|Any CPU
		{B1F2AE00-DF1A-393F-9FCA-6FF21C163930}.Debug|Any CPU.Build.0 = Debug|Any CPU
		{B1F2AE00-DF1A-393F-9FCA-6FF21C163930}.Release|Any CPU.ActiveCfg = Release|Any CPU
		{B1F2AE00-DF1A-393F-9FCA-6FF21C163930}.Release|Any CPU.Build.0 = Release|Any CPU
		{B2544DE1-6D72-2DC5-49D1-4915941BE477}.Debug|Any CPU.ActiveCfg = Debug|Any CPU
		{B2544DE1-6D72-2DC5-49D1-4915941BE477}.Debug|Any CPU.Build.0 = Debug|Any CPU
		{B2544DE1-6D72-2DC5-49D1-4915941BE477}.Release|Any CPU.ActiveCfg = Release|Any CPU
		{B2544DE1-6D72-2DC5-49D1-4915941BE477}.Release|Any CPU.Build.0 = Release|Any CPU
		{95E41F37-64DC-C165-0BA5-524E0BAA5884}.Debug|Any CPU.ActiveCfg = Debug|Any CPU
		{95E41F37-64DC-C165-0BA5-524E0BAA5884}.Debug|Any CPU.Build.0 = Debug|Any CPU
		{95E41F37-64DC-C165-0BA5-524E0BAA5884}.Release|Any CPU.ActiveCfg = Release|Any CPU
		{95E41F37-64DC-C165-0BA5-524E0BAA5884}.Release|Any CPU.Build.0 = Release|Any CPU
		{AE149F10-6BF4-80BD-9C41-FC476214D394}.Debug|Any CPU.ActiveCfg = Debug|Any CPU
		{AE149F10-6BF4-80BD-9C41-FC476214D394}.Debug|Any CPU.Build.0 = Debug|Any CPU
		{AE149F10-6BF4-80BD-9C41-FC476214D394}.Release|Any CPU.ActiveCfg = Release|Any CPU
		{AE149F10-6BF4-80BD-9C41-FC476214D394}.Release|Any CPU.Build.0 = Release|Any CPU
		{A6420E2A-3371-4B74-BC35-2FF3886787C3}.Debug|Any CPU.ActiveCfg = Debug|Any CPU
		{A6420E2A-3371-4B74-BC35-2FF3886787C3}.Debug|Any CPU.Build.0 = Debug|Any CPU
		{A6420E2A-3371-4B74-BC35-2FF3886787C3}.Release|Any CPU.ActiveCfg = Release|Any CPU
		{A6420E2A-3371-4B74-BC35-2FF3886787C3}.Release|Any CPU.Build.0 = Release|Any CPU
		{D757A79F-25F6-1BC7-F3CD-CB4B2304848C}.Debug|Any CPU.ActiveCfg = Debug|Any CPU
		{D757A79F-25F6-1BC7-F3CD-CB4B2304848C}.Debug|Any CPU.Build.0 = Debug|Any CPU
		{D757A79F-25F6-1BC7-F3CD-CB4B2304848C}.Release|Any CPU.ActiveCfg = Release|Any CPU
		{D757A79F-25F6-1BC7-F3CD-CB4B2304848C}.Release|Any CPU.Build.0 = Release|Any CPU
		{877E63C4-02D1-1D5B-4B36-219796AD5E35}.Debug|Any CPU.ActiveCfg = Debug|Any CPU
		{877E63C4-02D1-1D5B-4B36-219796AD5E35}.Debug|Any CPU.Build.0 = Debug|Any CPU
		{877E63C4-02D1-1D5B-4B36-219796AD5E35}.Release|Any CPU.ActiveCfg = Release|Any CPU
		{877E63C4-02D1-1D5B-4B36-219796AD5E35}.Release|Any CPU.Build.0 = Release|Any CPU
		{F8649229-BF21-BF61-1619-1935ED80CE9D}.Debug|Any CPU.ActiveCfg = Debug|Any CPU
		{F8649229-BF21-BF61-1619-1935ED80CE9D}.Debug|Any CPU.Build.0 = Debug|Any CPU
		{F8649229-BF21-BF61-1619-1935ED80CE9D}.Release|Any CPU.ActiveCfg = Release|Any CPU
		{F8649229-BF21-BF61-1619-1935ED80CE9D}.Release|Any CPU.Build.0 = Release|Any CPU
		{BD87A63D-4368-6E15-CD41-03641400B7DA}.Debug|Any CPU.ActiveCfg = Debug|Any CPU
		{BD87A63D-4368-6E15-CD41-03641400B7DA}.Debug|Any CPU.Build.0 = Debug|Any CPU
		{BD87A63D-4368-6E15-CD41-03641400B7DA}.Release|Any CPU.ActiveCfg = Release|Any CPU
		{BD87A63D-4368-6E15-CD41-03641400B7DA}.Release|Any CPU.Build.0 = Release|Any CPU
		{405E648E-F993-F0A0-B93C-ADAE2AC0CFFE}.Debug|Any CPU.ActiveCfg = Debug|Any CPU
		{405E648E-F993-F0A0-B93C-ADAE2AC0CFFE}.Debug|Any CPU.Build.0 = Debug|Any CPU
		{405E648E-F993-F0A0-B93C-ADAE2AC0CFFE}.Release|Any CPU.ActiveCfg = Release|Any CPU
		{405E648E-F993-F0A0-B93C-ADAE2AC0CFFE}.Release|Any CPU.Build.0 = Release|Any CPU
		{0C42B747-8039-B37C-C5F5-930C18714D29}.Debug|Any CPU.ActiveCfg = Debug|Any CPU
		{0C42B747-8039-B37C-C5F5-930C18714D29}.Debug|Any CPU.Build.0 = Debug|Any CPU
		{0C42B747-8039-B37C-C5F5-930C18714D29}.Release|Any CPU.ActiveCfg = Release|Any CPU
		{0C42B747-8039-B37C-C5F5-930C18714D29}.Release|Any CPU.Build.0 = Release|Any CPU
		{290CBF96-AE7D-7F15-95E1-2AAA2C1501DA}.Debug|Any CPU.ActiveCfg = Debug|Any CPU
		{290CBF96-AE7D-7F15-95E1-2AAA2C1501DA}.Debug|Any CPU.Build.0 = Debug|Any CPU
		{290CBF96-AE7D-7F15-95E1-2AAA2C1501DA}.Release|Any CPU.ActiveCfg = Release|Any CPU
		{290CBF96-AE7D-7F15-95E1-2AAA2C1501DA}.Release|Any CPU.Build.0 = Release|Any CPU
		{D9092AE2-D39C-A1DD-3AED-9A62D6DE6D09}.Debug|Any CPU.ActiveCfg = Debug|Any CPU
		{D9092AE2-D39C-A1DD-3AED-9A62D6DE6D09}.Debug|Any CPU.Build.0 = Debug|Any CPU
		{D9092AE2-D39C-A1DD-3AED-9A62D6DE6D09}.Release|Any CPU.ActiveCfg = Release|Any CPU
		{D9092AE2-D39C-A1DD-3AED-9A62D6DE6D09}.Release|Any CPU.Build.0 = Release|Any CPU
		{9DD436FC-B2D1-D35C-9975-0BD038056FC7}.Debug|Any CPU.ActiveCfg = Debug|Any CPU
		{9DD436FC-B2D1-D35C-9975-0BD038056FC7}.Debug|Any CPU.Build.0 = Debug|Any CPU
		{9DD436FC-B2D1-D35C-9975-0BD038056FC7}.Release|Any CPU.ActiveCfg = Release|Any CPU
		{9DD436FC-B2D1-D35C-9975-0BD038056FC7}.Release|Any CPU.Build.0 = Release|Any CPU
		{496AD7C0-5E2F-1DCB-3BF5-45470F5B53E5}.Debug|Any CPU.ActiveCfg = Debug|Any CPU
		{496AD7C0-5E2F-1DCB-3BF5-45470F5B53E5}.Debug|Any CPU.Build.0 = Debug|Any CPU
		{496AD7C0-5E2F-1DCB-3BF5-45470F5B53E5}.Release|Any CPU.ActiveCfg = Release|Any CPU
		{496AD7C0-5E2F-1DCB-3BF5-45470F5B53E5}.Release|Any CPU.Build.0 = Release|Any CPU
		{CDF5C109-684A-E3C6-D048-E98A9F139E33}.Debug|Any CPU.ActiveCfg = Debug|Any CPU
		{CDF5C109-684A-E3C6-D048-E98A9F139E33}.Debug|Any CPU.Build.0 = Debug|Any CPU
		{CDF5C109-684A-E3C6-D048-E98A9F139E33}.Release|Any CPU.ActiveCfg = Release|Any CPU
		{CDF5C109-684A-E3C6-D048-E98A9F139E33}.Release|Any CPU.Build.0 = Release|Any CPU
		{F89B1313-DDA4-3827-4D5C-D98BA76C792C}.Debug|Any CPU.ActiveCfg = Debug|Any CPU
		{F89B1313-DDA4-3827-4D5C-D98BA76C792C}.Debug|Any CPU.Build.0 = Debug|Any CPU
		{F89B1313-DDA4-3827-4D5C-D98BA76C792C}.Release|Any CPU.ActiveCfg = Release|Any CPU
		{F89B1313-DDA4-3827-4D5C-D98BA76C792C}.Release|Any CPU.Build.0 = Release|Any CPU
		{0904C62A-D9C8-0BD6-E0AA-CB994E49A9A3}.Debug|Any CPU.ActiveCfg = Debug|Any CPU
		{0904C62A-D9C8-0BD6-E0AA-CB994E49A9A3}.Debug|Any CPU.Build.0 = Debug|Any CPU
		{0904C62A-D9C8-0BD6-E0AA-CB994E49A9A3}.Release|Any CPU.ActiveCfg = Release|Any CPU
		{0904C62A-D9C8-0BD6-E0AA-CB994E49A9A3}.Release|Any CPU.Build.0 = Release|Any CPU
		{611EE053-540A-00CB-C652-703FEFA9A805}.Debug|Any CPU.ActiveCfg = Debug|Any CPU
		{611EE053-540A-00CB-C652-703FEFA9A805}.Debug|Any CPU.Build.0 = Debug|Any CPU
		{611EE053-540A-00CB-C652-703FEFA9A805}.Release|Any CPU.ActiveCfg = Release|Any CPU
		{611EE053-540A-00CB-C652-703FEFA9A805}.Release|Any CPU.Build.0 = Release|Any CPU
		{633F272E-D436-CC13-7A19-21752C8B3C32}.Debug|Any CPU.ActiveCfg = Debug|Any CPU
		{633F272E-D436-CC13-7A19-21752C8B3C32}.Debug|Any CPU.Build.0 = Debug|Any CPU
		{633F272E-D436-CC13-7A19-21752C8B3C32}.Release|Any CPU.ActiveCfg = Release|Any CPU
		{633F272E-D436-CC13-7A19-21752C8B3C32}.Release|Any CPU.Build.0 = Release|Any CPU
		{3D6ED508-3C2B-06C1-0941-3C8D54420BF3}.Debug|Any CPU.ActiveCfg = Debug|Any CPU
		{3D6ED508-3C2B-06C1-0941-3C8D54420BF3}.Debug|Any CPU.Build.0 = Debug|Any CPU
		{3D6ED508-3C2B-06C1-0941-3C8D54420BF3}.Release|Any CPU.ActiveCfg = Release|Any CPU
		{3D6ED508-3C2B-06C1-0941-3C8D54420BF3}.Release|Any CPU.Build.0 = Release|Any CPU
		{8E406745-4921-CA6B-5BFC-6F416895C40A}.Debug|Any CPU.ActiveCfg = Debug|Any CPU
		{8E406745-4921-CA6B-5BFC-6F416895C40A}.Debug|Any CPU.Build.0 = Debug|Any CPU
		{8E406745-4921-CA6B-5BFC-6F416895C40A}.Release|Any CPU.ActiveCfg = Release|Any CPU
		{8E406745-4921-CA6B-5BFC-6F416895C40A}.Release|Any CPU.Build.0 = Release|Any CPU
		{4B31064D-6A5F-DFE4-0F42-FD9131203BF9}.Debug|Any CPU.ActiveCfg = Debug|Any CPU
		{4B31064D-6A5F-DFE4-0F42-FD9131203BF9}.Debug|Any CPU.Build.0 = Debug|Any CPU
		{4B31064D-6A5F-DFE4-0F42-FD9131203BF9}.Release|Any CPU.ActiveCfg = Release|Any CPU
		{4B31064D-6A5F-DFE4-0F42-FD9131203BF9}.Release|Any CPU.Build.0 = Release|Any CPU
		{BFB89BD8-6859-B95D-A882-85CF0C3F503A}.Debug|Any CPU.ActiveCfg = Debug|Any CPU
		{BFB89BD8-6859-B95D-A882-85CF0C3F503A}.Debug|Any CPU.Build.0 = Debug|Any CPU
		{BFB89BD8-6859-B95D-A882-85CF0C3F503A}.Release|Any CPU.ActiveCfg = Release|Any CPU
		{BFB89BD8-6859-B95D-A882-85CF0C3F503A}.Release|Any CPU.Build.0 = Release|Any CPU
		{28EDBB20-94AC-2CA9-F9E3-ED5901C8ED7B}.Debug|Any CPU.ActiveCfg = Debug|Any CPU
		{28EDBB20-94AC-2CA9-F9E3-ED5901C8ED7B}.Debug|Any CPU.Build.0 = Debug|Any CPU
		{28EDBB20-94AC-2CA9-F9E3-ED5901C8ED7B}.Release|Any CPU.ActiveCfg = Release|Any CPU
		{28EDBB20-94AC-2CA9-F9E3-ED5901C8ED7B}.Release|Any CPU.Build.0 = Release|Any CPU
		{E167D1AC-0636-3854-4D82-E9960D78030A}.Debug|Any CPU.ActiveCfg = Debug|Any CPU
		{E167D1AC-0636-3854-4D82-E9960D78030A}.Debug|Any CPU.Build.0 = Debug|Any CPU
		{E167D1AC-0636-3854-4D82-E9960D78030A}.Release|Any CPU.ActiveCfg = Release|Any CPU
		{E167D1AC-0636-3854-4D82-E9960D78030A}.Release|Any CPU.Build.0 = Release|Any CPU
	EndGlobalSection
	GlobalSection(SolutionProperties) = preSolution
		HideSolutionNode = FALSE
	EndGlobalSection
	GlobalSection(MonoDevelopProperties) = preSolution
		StartupItem = Assembly-CSharp.csproj
	EndGlobalSection
EndGlobal
